
Microsoft Visual Studio Solution File, Format Version 12.00
# Visual Studio Version 16
VisualStudioVersion = 16.0.31729.503
MinimumVisualStudioVersion = 10.0.40219.1
Project("{FAE04EC0-301F-11D3-BF4B-00C04F79EFBC}") = "demo", "demo\demo.csproj", "{053FDF3D-4ECE-432F-9E8F-4083FC149859}"
EndProject
Global
	GlobalSection(SolutionConfigurationPlatforms) = preSolution
		Debug|Any CPU = Debug|Any CPU
		Release|Any CPU = Release|Any CPU
	EndGlobalSection
	GlobalSection(ProjectConfigurationPlatforms) = postSolution
		{053FDF3D-4ECE-432F-9E8F-4083FC149859}.Debug|Any CPU.ActiveCfg = Debug|Any CPU
		{053FDF3D-4ECE-432F-9E8F-4083FC149859}.Debug|Any CPU.Build.0 = Debug|Any CPU
		{053FDF3D-4ECE-432F-9E8F-4083FC149859}.Release|Any CPU.ActiveCfg = Release|Any CPU
		{053FDF3D-4ECE-432F-9E8F-4083FC149859}.Release|Any CPU.Build.0 = Release|Any CPU
	EndGlobalSection
	GlobalSection(SolutionProperties) = preSolution
		HideSolutionNode = FALSE
	EndGlobalSection
	GlobalSection(ExtensibilityGlobals) = postSolution
		SolutionGuid = {73B44603-84AC-4A51-889B-365ECD010BD2}
	EndGlobalSection
EndGlobal
